
Microsoft Visual Studio Solution File, Format Version 12.00
# Visual Studio Version 17
VisualStudioVersion = 17.0.32014.148
MinimumVisualStudioVersion = 10.0.40219.1
Project("{FAE04EC0-301F-11D3-BF4B-00C04F79EFBC}") = "OnlineStore", "OnlineStore\OnlineStore.csproj", "{0960205D-6087-4FCA-B82D-C0B11C38F44B}"
EndProject
Global
	GlobalSection(SolutionConfigurationPlatforms) = preSolution
		Debug|Any CPU = Debug|Any CPU
		Release|Any CPU = Release|Any CPU
	EndGlobalSection
	GlobalSection(ProjectConfigurationPlatforms) = postSolution
		{0960205D-6087-4FCA-B82D-C0B11C38F44B}.Debug|Any CPU.ActiveCfg = Debug|Any CPU
		{0960205D-6087-4FCA-B82D-C0B11C38F44B}.Debug|Any CPU.Build.0 = Debug|Any CPU
		{0960205D-6087-4FCA-B82D-C0B11C38F44B}.Release|Any CPU.ActiveCfg = Release|Any CPU
		{0960205D-6087-4FCA-B82D-C0B11C38F44B}.Release|Any CPU.Build.0 = Release|Any CPU
	EndGlobalSection
	GlobalSection(SolutionProperties) = preSolution
		HideSolutionNode = FALSE
	EndGlobalSection
	GlobalSection(ExtensibilityGlobals) = postSolution
		SolutionGuid = {E3A29AD3-9B1E-4A08-A861-BB5380F1D7E7}
	EndGlobalSection
EndGlobal
